# THIS IS AN AUTOGENERATED FILE. DO NOT EDIT THIS FILE DIRECTLY.
# yarn lockfile v1


"@popperjs/core@^2.11.8":
  version "2.11.8"
  resolved "https://registry.npmjs.org/@popperjs/core/-/core-2.11.8.tgz"
  integrity sha512-P1st0aksCrn9sGZhp8GMYwBnQsbvAWsZAX44oXNNvLHGqAOcoVxmjZiohstwQ7SqKnbR47akdNi+uleWD8+g6A==

bootstrap@^5.3.3:
  version "5.3.3"
  resolved "https://registry.npmjs.org/bootstrap/-/bootstrap-5.3.3.tgz"
  integrity sha512-8HLCdWgyoMguSO9o+aH+iuZ+aht+mzW0u3HIMzVu7Srrpv7EBBxTnrFlSCskwdY1+EOFQSm7uMJhNQHkdPcmjg==

datatables.net-bs5@^2.0.5:
  version "2.0.5"
  resolved "https://registry.npmjs.org/datatables.net-bs5/-/datatables.net-bs5-2.0.5.tgz"
  integrity sha512-Etuw3aDHE+A91m/2XLhEUdn47LxzNbSYN/pMdkhBo8B6bfKnkH5lwR+aUSUpFTFrtadulcClwYmjrx45NqPfVw==
  dependencies:
    datatables.net "2.0.5"
    jquery ">=1.7"

datatables.net@^2.0.5, datatables.net@2.0.5:
  version "2.0.5"
  resolved "https://registry.npmjs.org/datatables.net/-/datatables.net-2.0.5.tgz"
  integrity sha512-Eu7z0ErFyr44hopfLQ7kyIWRdfqH2zFG93aHcnGKGrt/ICWXUsLrjUwghuN5b1pktnKzXCFYsl6Ad9WypiSNeA==
  dependencies:
    jquery ">=1.7"

jquery@>=1.7:
  version "3.7.1"
  resolved "https://registry.npmjs.org/jquery/-/jquery-3.7.1.tgz"
  integrity sha512-m4avr8yL8kmFN8psrbFFFmB/If14iN5o9nw/NgnnM+kybDJpRsAynV2BsfpTYrTRysYUdADVD7CkUUizgkpLfg==
